
Microsoft Visual Studio Solution File, Format Version 12.00
# Visual Studio 15
VisualStudioVersion = 15.0.28307.779
MinimumVisualStudioVersion = 10.0.40219.1
Project("{FAE04EC0-301F-11D3-BF4B-00C04F79EFBC}") = "TinhSoN", "TinhSoN\TinhSoN.csproj", "{5C264753-D034-4452-BDA6-4D5F7A996ECF}"
EndProject
Global
	GlobalSection(SolutionConfigurationPlatforms) = preSolution
		Debug|Any CPU = Debug|Any CPU
		Release|Any CPU = Release|Any CPU
	EndGlobalSection
	GlobalSection(ProjectConfigurationPlatforms) = postSolution
		{5C264753-D034-4452-BDA6-4D5F7A996ECF}.Debug|Any CPU.ActiveCfg = Debug|Any CPU
		{5C264753-D034-4452-BDA6-4D5F7A996ECF}.Debug|Any CPU.Build.0 = Debug|Any CPU
		{5C264753-D034-4452-BDA6-4D5F7A996ECF}.Release|Any CPU.ActiveCfg = Release|Any CPU
		{5C264753-D034-4452-BDA6-4D5F7A996ECF}.Release|Any CPU.Build.0 = Release|Any CPU
	EndGlobalSection
	GlobalSection(SolutionProperties) = preSolution
		HideSolutionNode = FALSE
	EndGlobalSection
	GlobalSection(ExtensibilityGlobals) = postSolution
		SolutionGuid = {C753C486-AE13-4A11-AFC0-6C2E2DD829A1}
	EndGlobalSection
EndGlobal
